
Microsoft Visual Studio Solution File, Format Version 12.00
# Visual Studio Version 16
VisualStudioVersion = 16.0.29424.173
MinimumVisualStudioVersion = 10.0.40219.1
Project("{FAE04EC0-301F-11D3-BF4B-00C04F79EFBC}") = "MyConsoleApp", "..\MyConsoleApp\MyConsoleApp.csproj", "{3FAAF336-032E-45E5-AFF8-2E14F273295F}"
EndProject
Project("{FAE04EC0-301F-11D3-BF4B-00C04F79EFBC}") = "CA1", "..\CA1\CA1.csproj", "{9CE177B1-809F-4935-B2E7-87FEB81D9AA2}"
EndProject
Project("{FAE04EC0-301F-11D3-BF4B-00C04F79EFBC}") = "CA2", "..\CA2\CA2.csproj", "{FA5BE41B-5DD7-4319-8DBD-0CB0AF40A5E9}"
EndProject
Project("{FAE04EC0-301F-11D3-BF4B-00C04F79EFBC}") = "WinService", "WinService\WinService.csproj", "{FFD881B7-6C0E-4D62-A9EA-EC17E8C8776F}"
EndProject
Project("{FAE04EC0-301F-11D3-BF4B-00C04F79EFBC}") = "MDIApplication", "MDIApplication\MDIApplication.csproj", "{5A8239E4-D9E7-4CE1-98B0-6DA4D8245815}"
EndProject
Global
	GlobalSection(SolutionConfigurationPlatforms) = preSolution
		Debug|Any CPU = Debug|Any CPU
		Release|Any CPU = Release|Any CPU
	EndGlobalSection
	GlobalSection(ProjectConfigurationPlatforms) = postSolution
		{3FAAF336-032E-45E5-AFF8-2E14F273295F}.Debug|Any CPU.ActiveCfg = Debug|Any CPU
		{3FAAF336-032E-45E5-AFF8-2E14F273295F}.Debug|Any CPU.Build.0 = Debug|Any CPU
		{3FAAF336-032E-45E5-AFF8-2E14F273295F}.Release|Any CPU.ActiveCfg = Release|Any CPU
		{3FAAF336-032E-45E5-AFF8-2E14F273295F}.Release|Any CPU.Build.0 = Release|Any CPU
		{9CE177B1-809F-4935-B2E7-87FEB81D9AA2}.Debug|Any CPU.ActiveCfg = Debug|Any CPU
		{9CE177B1-809F-4935-B2E7-87FEB81D9AA2}.Debug|Any CPU.Build.0 = Debug|Any CPU
		{9CE177B1-809F-4935-B2E7-87FEB81D9AA2}.Release|Any CPU.ActiveCfg = Release|Any CPU
		{9CE177B1-809F-4935-B2E7-87FEB81D9AA2}.Release|Any CPU.Build.0 = Release|Any CPU
		{FA5BE41B-5DD7-4319-8DBD-0CB0AF40A5E9}.Debug|Any CPU.ActiveCfg = Debug|Any CPU
		{FA5BE41B-5DD7-4319-8DBD-0CB0AF40A5E9}.Debug|Any CPU.Build.0 = Debug|Any CPU
		{FA5BE41B-5DD7-4319-8DBD-0CB0AF40A5E9}.Release|Any CPU.ActiveCfg = Release|Any CPU
		{FA5BE41B-5DD7-4319-8DBD-0CB0AF40A5E9}.Release|Any CPU.Build.0 = Release|Any CPU
		{FFD881B7-6C0E-4D62-A9EA-EC17E8C8776F}.Debug|Any CPU.ActiveCfg = Debug|Any CPU
		{FFD881B7-6C0E-4D62-A9EA-EC17E8C8776F}.Debug|Any CPU.Build.0 = Debug|Any CPU
		{FFD881B7-6C0E-4D62-A9EA-EC17E8C8776F}.Release|Any CPU.ActiveCfg = Release|Any CPU
		{FFD881B7-6C0E-4D62-A9EA-EC17E8C8776F}.Release|Any CPU.Build.0 = Release|Any CPU
		{5A8239E4-D9E7-4CE1-98B0-6DA4D8245815}.Debug|Any CPU.ActiveCfg = Debug|Any CPU
		{5A8239E4-D9E7-4CE1-98B0-6DA4D8245815}.Debug|Any CPU.Build.0 = Debug|Any CPU
		{5A8239E4-D9E7-4CE1-98B0-6DA4D8245815}.Release|Any CPU.ActiveCfg = Release|Any CPU
		{5A8239E4-D9E7-4CE1-98B0-6DA4D8245815}.Release|Any CPU.Build.0 = Release|Any CPU
	EndGlobalSection
	GlobalSection(SolutionProperties) = preSolution
		HideSolutionNode = FALSE
	EndGlobalSection
	GlobalSection(ExtensibilityGlobals) = postSolution
		SolutionGuid = {FF7245B3-FE58-4D5B-A2A1-0EB2733E8D70}
	EndGlobalSection
EndGlobal
